
Microsoft Visual Studio Solution File, Format Version 12.00
# Visual Studio Version 17
VisualStudioVersion = 17.14.36518.9 d17.14
MinimumVisualStudioVersion = 10.0.40219.1
Project("{FAE04EC0-301F-11D3-BF4B-00C04F79EFBC}") = "DoubleList", "DoubleList\DoubleList.csproj", "{C5F45AB5-8CA6-4FB4-BF8E-C5C232130E45}"
EndProject
Project("{FAE04EC0-301F-11D3-BF4B-00C04F79EFBC}") = "DoubleList.UI.Console", "DoubleList.UI.Console\DoubleList.UI.Console.csproj", "{E20D69B4-48A2-4451-BB00-A0F6A057C071}"
EndProject
Global
	GlobalSection(SolutionConfigurationPlatforms) = preSolution
		Debug|Any CPU = Debug|Any CPU
		Release|Any CPU = Release|Any CPU
	EndGlobalSection
	GlobalSection(ProjectConfigurationPlatforms) = postSolution
		{C5F45AB5-8CA6-4FB4-BF8E-C5C232130E45}.Debug|Any CPU.ActiveCfg = Debug|Any CPU
		{C5F45AB5-8CA6-4FB4-BF8E-C5C232130E45}.Debug|Any CPU.Build.0 = Debug|Any CPU
		{C5F45AB5-8CA6-4FB4-BF8E-C5C232130E45}.Release|Any CPU.ActiveCfg = Release|Any CPU
		{C5F45AB5-8CA6-4FB4-BF8E-C5C232130E45}.Release|Any CPU.Build.0 = Release|Any CPU
		{E20D69B4-48A2-4451-BB00-A0F6A057C071}.Debug|Any CPU.ActiveCfg = Debug|Any CPU
		{E20D69B4-48A2-4451-BB00-A0F6A057C071}.Debug|Any CPU.Build.0 = Debug|Any CPU
		{E20D69B4-48A2-4451-BB00-A0F6A057C071}.Release|Any CPU.ActiveCfg = Release|Any CPU
		{E20D69B4-48A2-4451-BB00-A0F6A057C071}.Release|Any CPU.Build.0 = Release|Any CPU
	EndGlobalSection
	GlobalSection(SolutionProperties) = preSolution
		HideSolutionNode = FALSE
	EndGlobalSection
	GlobalSection(ExtensibilityGlobals) = postSolution
		SolutionGuid = {8DE919FC-6F3C-4F8F-BCDE-07A330224C6B}
	EndGlobalSection
EndGlobal
